
Microsoft Visual Studio Solution File, Format Version 12.00
Project("{FAE04EC0-301F-11D3-BF4B-00C04F79EFBC}") = "ShuZhiShuiChi", "ShuZhiShuiChi\ShuZhiShuiChi.csproj", "{35D828A0-6FA8-45B2-B036-E9136B71AB64}"
EndProject
Global
	GlobalSection(SolutionConfigurationPlatforms) = preSolution
		Debug|Any CPU = Debug|Any CPU
		Release|Any CPU = Release|Any CPU
	EndGlobalSection
	GlobalSection(ProjectConfigurationPlatforms) = postSolution
		{35D828A0-6FA8-45B2-B036-E9136B71AB64}.Debug|Any CPU.ActiveCfg = Debug|Any CPU
		{35D828A0-6FA8-45B2-B036-E9136B71AB64}.Debug|Any CPU.Build.0 = Debug|Any CPU
		{35D828A0-6FA8-45B2-B036-E9136B71AB64}.Release|Any CPU.ActiveCfg = Release|Any CPU
		{35D828A0-6FA8-45B2-B036-E9136B71AB64}.Release|Any CPU.Build.0 = Release|Any CPU
	EndGlobalSection
EndGlobal
